{
  "version": 3,
  "targets": {
    ".NETFramework,Version=v4.5.2": {
      "EntityFramework/6.2.0": {
        "type": "package",
        "frameworkAssemblies": [
          "System.ComponentModel.DataAnnotations"
        ],
        "compile": {
          "lib/net45/EntityFramework.SqlServer.dll": {},
          "lib/net45/EntityFramework.dll": {}
        },
        "runtime": {
          "lib/net45/EntityFramework.SqlServer.dll": {},
          "lib/net45/EntityFramework.dll": {}
        }
      },
      "Stub.System.Data.SQLite.Core.NetFramework/1.0.115.5": {
        "type": "package",
        "compile": {
          "lib/net451/System.Data.SQLite.dll": {}
        },
        "runtime": {
          "lib/net451/System.Data.SQLite.dll": {}
        },
        "build": {
          "buildTransitive/net451/Stub.System.Data.SQLite.Core.NetFramework.targets": {}
        }
      },
      "System.Data.SQLite.Core/1.0.115.5": {
        "type": "package",
        "dependencies": {
          "Stub.System.Data.SQLite.Core.NetFramework": "[1.0.115.5]"
        }
      }
    },
    ".NETFramework,Version=v4.5.2/win": {
      "EntityFramework/6.2.0": {
        "type": "package",
        "frameworkAssemblies": [
          "System.ComponentModel.DataAnnotations"
        ],
        "compile": {
          "lib/net45/EntityFramework.SqlServer.dll": {},
          "lib/net45/EntityFramework.dll": {}
        },
        "runtime": {
          "lib/net45/EntityFramework.SqlServer.dll": {},
          "lib/net45/EntityFramework.dll": {}
        }
      },
      "Stub.System.Data.SQLite.Core.NetFramework/1.0.115.5": {
        "type": "package",
        "compile": {
          "lib/net451/System.Data.SQLite.dll": {}
        },
        "runtime": {
          "lib/net451/System.Data.SQLite.dll": {}
        },
        "build": {
          "buildTransitive/net451/Stub.System.Data.SQLite.Core.NetFramework.targets": {}
        }
      },
      "System.Data.SQLite.Core/1.0.115.5": {
        "type": "package",
        "dependencies": {
          "Stub.System.Data.SQLite.Core.NetFramework": "[1.0.115.5]"
        }
      }
    },
    ".NETFramework,Version=v4.5.2/win-x64": {
      "EntityFramework/6.2.0": {
        "type": "package",
        "frameworkAssemblies": [
          "System.ComponentModel.DataAnnotations"
        ],
        "compile": {
          "lib/net45/EntityFramework.SqlServer.dll": {},
          "lib/net45/EntityFramework.dll": {}
        },
        "runtime": {
          "lib/net45/EntityFramework.SqlServer.dll": {},
          "lib/net45/EntityFramework.dll": {}
        }
      },
      "Stub.System.Data.SQLite.Core.NetFramework/1.0.115.5": {
        "type": "package",
        "compile": {
          "lib/net451/System.Data.SQLite.dll": {}
        },
        "runtime": {
          "lib/net451/System.Data.SQLite.dll": {}
        },
        "build": {
          "buildTransitive/net451/Stub.System.Data.SQLite.Core.NetFramework.targets": {}
        }
      },
      "System.Data.SQLite.Core/1.0.115.5": {
        "type": "package",
        "dependencies": {
          "Stub.System.Data.SQLite.Core.NetFramework": "[1.0.115.5]"
        }
      }
    },
    ".NETFramework,Version=v4.5.2/win-x86": {
      "EntityFramework/6.2.0": {
        "type": "package",
        "frameworkAssemblies": [
          "System.ComponentModel.DataAnnotations"
        ],
        "compile": {
          "lib/net45/EntityFramework.SqlServer.dll": {},
          "lib/net45/EntityFramework.dll": {}
        },
        "runtime": {
          "lib/net45/EntityFramework.SqlServer.dll": {},
          "lib/net45/EntityFramework.dll": {}
        }
      },
      "Stub.System.Data.SQLite.Core.NetFramework/1.0.115.5": {
        "type": "package",
        "compile": {
          "lib/net451/System.Data.SQLite.dll": {}
        },
        "runtime": {
          "lib/net451/System.Data.SQLite.dll": {}
        },
        "build": {
          "buildTransitive/net451/Stub.System.Data.SQLite.Core.NetFramework.targets": {}
        }
      },
      "System.Data.SQLite.Core/1.0.115.5": {
        "type": "package",
        "dependencies": {
          "Stub.System.Data.SQLite.Core.NetFramework": "[1.0.115.5]"
        }
      }
    }
  },
  "libraries": {
    "EntityFramework/6.2.0": {
      "sha512": "ptGyXOf26qLrtn+2doAmylIlCxOnBJANwlyyLrXDmqIk9O18IzLWHyxDwwAyhgXkxmbiaA0WNpRy67WRReInBw==",
      "type": "package",
      "path": "entityframework/6.2.0",
      "hasTools": true,
      "files": [
        ".nupkg.metadata",
        ".signature.p7s",
        "content/net40/App.config.transform",
        "content/net40/Web.config.transform",
        "entityframework.6.2.0.nupkg.sha512",
        "entityframework.nuspec",
        "lib/net40/EntityFramework.SqlServer.dll",
        "lib/net40/EntityFramework.SqlServer.xml",
        "lib/net40/EntityFramework.dll",
        "lib/net40/EntityFramework.xml",
        "lib/net45/EntityFramework.SqlServer.dll",
        "lib/net45/EntityFramework.SqlServer.xml",
        "lib/net45/EntityFramework.dll",
        "lib/net45/EntityFramework.xml",
        "tools/EntityFramework.PowerShell.Utility.dll",
        "tools/EntityFramework.PowerShell.dll",
        "tools/EntityFramework.psd1",
        "tools/EntityFramework.psm1",
        "tools/about_EntityFramework.help.txt",
        "tools/init.ps1",
        "tools/install.ps1",
        "tools/migrate.exe"
      ]
    },
    "Stub.System.Data.SQLite.Core.NetFramework/1.0.115.5": {
      "sha512": "fXkWBM+Dstt1JEItGsVyOJvY+UrnPaT7NCrWGyGuAxzF7ceKNsDBTjR1yrPOwUrQ/V9R6moHdB2FiO0+j94m6g==",
      "type": "package",
      "path": "stub.system.data.sqlite.core.netframework/1.0.115.5",
      "files": [
        ".nupkg.metadata",
        ".signature.p7s",
        "build/net20/Stub.System.Data.SQLite.Core.NetFramework.targets",
        "build/net20/x64/SQLite.Interop.dll",
        "build/net20/x86/SQLite.Interop.dll",
        "build/net40/Stub.System.Data.SQLite.Core.NetFramework.targets",
        "build/net40/x64/SQLite.Interop.dll",
        "build/net40/x86/SQLite.Interop.dll",
        "build/net45/Stub.System.Data.SQLite.Core.NetFramework.targets",
        "build/net45/x64/SQLite.Interop.dll",
        "build/net45/x86/SQLite.Interop.dll",
        "build/net451/Stub.System.Data.SQLite.Core.NetFramework.targets",
        "build/net451/x64/SQLite.Interop.dll",
        "build/net451/x86/SQLite.Interop.dll",
        "build/net46/Stub.System.Data.SQLite.Core.NetFramework.targets",
        "build/net46/x64/SQLite.Interop.dll",
        "build/net46/x86/SQLite.Interop.dll",
        "buildTransitive/net20/Stub.System.Data.SQLite.Core.NetFramework.targets",
        "buildTransitive/net40/Stub.System.Data.SQLite.Core.NetFramework.targets",
        "buildTransitive/net45/Stub.System.Data.SQLite.Core.NetFramework.targets",
        "buildTransitive/net451/Stub.System.Data.SQLite.Core.NetFramework.targets",
        "buildTransitive/net46/Stub.System.Data.SQLite.Core.NetFramework.targets",
        "lib/net20/System.Data.SQLite.dll",
        "lib/net20/System.Data.SQLite.dll.altconfig",
        "lib/net20/System.Data.SQLite.xml",
        "lib/net40/System.Data.SQLite.dll",
        "lib/net40/System.Data.SQLite.dll.altconfig",
        "lib/net40/System.Data.SQLite.xml",
        "lib/net45/System.Data.SQLite.dll",
        "lib/net45/System.Data.SQLite.dll.altconfig",
        "lib/net45/System.Data.SQLite.xml",
        "lib/net451/System.Data.SQLite.dll",
        "lib/net451/System.Data.SQLite.dll.altconfig",
        "lib/net451/System.Data.SQLite.xml",
        "lib/net46/System.Data.SQLite.dll",
        "lib/net46/System.Data.SQLite.dll.altconfig",
        "lib/net46/System.Data.SQLite.xml",
        "stub.system.data.sqlite.core.netframework.1.0.115.5.nupkg.sha512",
        "stub.system.data.sqlite.core.netframework.nuspec"
      ]
    },
    "System.Data.SQLite.Core/1.0.115.5": {
      "sha512": "vADIqqgpxaC5xR6qOV8/KMZkQeSDCfmmWpVOtQx0oEr3Yjq2XdTxX7+jfE4+oO2xPovAbYiz6Q5cLRbSsDkq6Q==",
      "type": "package",
      "path": "system.data.sqlite.core/1.0.115.5",
      "files": [
        ".nupkg.metadata",
        ".signature.p7s",
        "system.data.sqlite.core.1.0.115.5.nupkg.sha512",
        "system.data.sqlite.core.nuspec"
      ]
    }
  },
  "projectFileDependencyGroups": {
    ".NETFramework,Version=v4.5.2": [
      "EntityFramework >= 6.2.0",
      "System.Data.SQLite.Core >= 1.0.115.5"
    ]
  },
  "packageFolders": {
    "C:\\Users\\kozhenov.ivan\\.nuget\\packages\\": {},
    "C:\\Program Files (x86)\\DevExpress 20.2\\Components\\Offline Packages": {},
    "C:\\Program Files (x86)\\DevExpress 21.1\\Components\\Offline Packages": {},
    "C:\\Program Files (x86)\\DevExpress 21.2\\Components\\Offline Packages": {},
    "C:\\Program Files\\DevExpress 22.1\\Components\\Offline Packages": {},
    "C:\\Program Files (x86)\\Microsoft Visual Studio\\Shared\\NuGetPackages": {},
    "C:\\Program Files (x86)\\Microsoft\\Xamarin\\NuGet\\": {}
  },
  "project": {
    "version": "1.0.0",
    "restore": {
      "projectUniqueName": "C:\\_QS\\_examples\\New Bindings\\WPF\\how-to-obtain-underlying-data-e2173\\VB\\ObtainUnderlyingData\\ObtainUnderlyingData.vbproj",
      "projectName": "ObtainUnderlyingData",
      "projectPath": "C:\\_QS\\_examples\\New Bindings\\WPF\\how-to-obtain-underlying-data-e2173\\VB\\ObtainUnderlyingData\\ObtainUnderlyingData.vbproj",
      "packagesPath": "C:\\Users\\kozhenov.ivan\\.nuget\\packages\\",
      "outputPath": "C:\\_QS\\_examples\\New Bindings\\WPF\\how-to-obtain-underlying-data-e2173\\VB\\ObtainUnderlyingData\\obj.NetFX\\",
      "projectStyle": "PackageReference",
      "skipContentFileWrite": true,
      "fallbackFolders": [
        "C:\\Program Files (x86)\\DevExpress 20.2\\Components\\Offline Packages",
        "C:\\Program Files (x86)\\DevExpress 21.1\\Components\\Offline Packages",
        "C:\\Program Files (x86)\\DevExpress 21.2\\Components\\Offline Packages",
        "C:\\Program Files\\DevExpress 22.1\\Components\\Offline Packages",
        "C:\\Program Files (x86)\\Microsoft Visual Studio\\Shared\\NuGetPackages",
        "C:\\Program Files (x86)\\Microsoft\\Xamarin\\NuGet\\"
      ],
      "configFilePaths": [
        "C:\\Users\\kozhenov.ivan\\AppData\\Roaming\\NuGet\\NuGet.Config",
        "C:\\Program Files (x86)\\NuGet\\Config\\DevExpress 19.1.config",
        "C:\\Program Files (x86)\\NuGet\\Config\\DevExpress 19.2.config",
        "C:\\Program Files (x86)\\NuGet\\Config\\DevExpress 20.1.config",
        "C:\\Program Files (x86)\\NuGet\\Config\\DevExpress 20.2.config",
        "C:\\Program Files (x86)\\NuGet\\Config\\DevExpress 21.1.config",
        "C:\\Program Files (x86)\\NuGet\\Config\\DevExpress 21.2.config",
        "C:\\Program Files (x86)\\NuGet\\Config\\DevExpress 22.1.config",
        "C:\\Program Files (x86)\\NuGet\\Config\\Microsoft.VisualStudio.FallbackLocation.config",
        "C:\\Program Files (x86)\\NuGet\\Config\\Microsoft.VisualStudio.Offline.config",
        "C:\\Program Files (x86)\\NuGet\\Config\\Xamarin.Offline.config"
      ],
      "originalTargetFrameworks": [
        "net452"
      ],
      "sources": {
        "C:\\LocalFeed": {},
        "C:\\Program Files (x86)\\DevExpress 21.2\\Components\\System\\Components\\Packages": {},
        "C:\\Program Files (x86)\\Microsoft SDKs\\NuGetPackages\\": {},
        "C:\\Program Files\\DevExpress 22.1\\Components\\System\\Components\\Packages": {},
        "https://api.nuget.org/v3/index.json": {},
        "https://nuget.devexpress.com/FUlrxb1GPo69bONAEwLrriVJeZExohzmHBhYVE76fqVdCKhdAG/api": {}
      },
      "frameworks": {
        "net452": {
          "projectReferences": {}
        }
      },
      "warningProperties": {
        "allWarningsAsErrors": true
      }
    },
    "frameworks": {
      "net452": {
        "dependencies": {
          "EntityFramework": {
            "target": "Package",
            "version": "[6.2.0, )"
          },
          "System.Data.SQLite.Core": {
            "target": "Package",
            "version": "[1.0.115.5, )"
          }
        }
      }
    },
    "runtimes": {
      "win": {
        "#import": []
      },
      "win-x64": {
        "#import": []
      },
      "win-x86": {
        "#import": []
      }
    }
  }
}